
Microsoft Visual Studio Solution File, Format Version 12.00
# Visual Studio Version 17
VisualStudioVersion = 17.8.34525.116
MinimumVisualStudioVersion = 10.0.40219.1
Project("{FAE04EC0-301F-11D3-BF4B-00C04F79EFBC}") = "LoadScreen", "LoadScreen\LoadScreen.csproj", "{B5B1F079-1805-4507-99F1-A6908CFAF68F}"
EndProject
Global
	GlobalSection(SolutionConfigurationPlatforms) = preSolution
		Debug|Any CPU = Debug|Any CPU
		Release|Any CPU = Release|Any CPU
	EndGlobalSection
	GlobalSection(ProjectConfigurationPlatforms) = postSolution
		{B5B1F079-1805-4507-99F1-A6908CFAF68F}.Debug|Any CPU.ActiveCfg = Debug|Any CPU
		{B5B1F079-1805-4507-99F1-A6908CFAF68F}.Debug|Any CPU.Build.0 = Debug|Any CPU
		{B5B1F079-1805-4507-99F1-A6908CFAF68F}.Release|Any CPU.ActiveCfg = Release|Any CPU
		{B5B1F079-1805-4507-99F1-A6908CFAF68F}.Release|Any CPU.Build.0 = Release|Any CPU
	EndGlobalSection
	GlobalSection(SolutionProperties) = preSolution
		HideSolutionNode = FALSE
	EndGlobalSection
	GlobalSection(ExtensibilityGlobals) = postSolution
		SolutionGuid = {3FDEDE78-0C63-46BD-9121-8C0F27EB3CA8}
	EndGlobalSection
EndGlobal
